
Microsoft Visual Studio Solution File, Format Version 12.00
# Visual Studio 15
VisualStudioVersion = 15.0.27130.2020
MinimumVisualStudioVersion = 10.0.40219.1
Project("{E24C65DC-7377-472B-9ABA-BC803B73C61A}") = "Ventas_exa", "Ventas_exa\", "{F8B68045-2626-4746-9C40-8C576B50A730}"
	ProjectSection(WebsiteProperties) = preProject
		TargetFrameworkMoniker = ".NETFramework,Version%3Dv4.6.1"
		Debug.AspNetCompiler.VirtualPath = "/localhost_58667"
		Debug.AspNetCompiler.PhysicalPath = "Ventas_exa\"
		Debug.AspNetCompiler.TargetPath = "PrecompiledWeb\localhost_58667\"
		Debug.AspNetCompiler.Updateable = "true"
		Debug.AspNetCompiler.ForceOverwrite = "true"
		Debug.AspNetCompiler.FixedNames = "false"
		Debug.AspNetCompiler.Debug = "True"
		Release.AspNetCompiler.VirtualPath = "/localhost_58667"
		Release.AspNetCompiler.PhysicalPath = "Ventas_exa\"
		Release.AspNetCompiler.TargetPath = "PrecompiledWeb\localhost_58667\"
		Release.AspNetCompiler.Updateable = "true"
		Release.AspNetCompiler.ForceOverwrite = "true"
		Release.AspNetCompiler.FixedNames = "false"
		Release.AspNetCompiler.Debug = "False"
		VWDPort = "58667"
		SlnRelativePath = "Ventas_exa\"
		DefaultWebSiteLanguage = "Visual Basic"
	EndProjectSection
EndProject
Global
	GlobalSection(SolutionConfigurationPlatforms) = preSolution
		Debug|Any CPU = Debug|Any CPU
	EndGlobalSection
	GlobalSection(ProjectConfigurationPlatforms) = postSolution
		{F8B68045-2626-4746-9C40-8C576B50A730}.Debug|Any CPU.ActiveCfg = Debug|Any CPU
		{F8B68045-2626-4746-9C40-8C576B50A730}.Debug|Any CPU.Build.0 = Debug|Any CPU
	EndGlobalSection
	GlobalSection(SolutionProperties) = preSolution
		HideSolutionNode = FALSE
	EndGlobalSection
	GlobalSection(ExtensibilityGlobals) = postSolution
		SolutionGuid = {7F87BCED-AD7F-4CAC-B4D0-86572153A3BD}
	EndGlobalSection
EndGlobal
